# This file is automatically @generated by Cargo.
# It is not intended for manual editing.
version = 4

[[package]]
name = "asciimov"
version = "0.1.0"
dependencies = [
 "zx0",
]

[[package]]
name = "zx0"
version = "1.0.0"
source = "registry+https://github.com/rust-lang/crates.io-index"
checksum = "01df7a825d645551d63d922e23529331b04c32bec8cc56d95e7c71bdcee28146"
